github.com/arzaqiyusril/go-say-hello v1.0.0 h1:Ui71BReQkWz6jcN9Q55de6PHdpTnquuQDWzpAIbX86s=
github.com/arzaqiyusril/go-say-hello v1.0.0/go.mod h1:H8yKzgwLGZD0drDIDNpjE3+phYV/OdbLuvPmC47DCkE=
github.com/arzaqiyusril/go-say-hello v1.0.1 h1:99veCM/FWAyykmy+EMpFCaHUu9+K0wjJzlIxSDRPS7g=
github.com/arzaqiyusril/go-say-hello v1.0.1/go.mod h1:H8yKzgwLGZD0drDIDNpjE3+phYV/OdbLuvPmC47DCkE=
